
Microsoft Visual Studio Solution File, Format Version 12.00
# Visual Studio Version 17
VisualStudioVersion = 17.8.34601.278
MinimumVisualStudioVersion = 10.0.40219.1
Project("{FAE04EC0-301F-11D3-BF4B-00C04F79EFBC}") = "CarouselRepro", "CarouselRepro\CarouselRepro.csproj", "{F35F0133-67FC-4CB4-B0A7-8097FF29DB6C}"
EndProject
Global
	GlobalSection(SolutionConfigurationPlatforms) = preSolution
		Debug|Any CPU = Debug|Any CPU
		Release|Any CPU = Release|Any CPU
	EndGlobalSection
	GlobalSection(ProjectConfigurationPlatforms) = postSolution
		{F35F0133-67FC-4CB4-B0A7-8097FF29DB6C}.Debug|Any CPU.ActiveCfg = Debug|Any CPU
		{F35F0133-67FC-4CB4-B0A7-8097FF29DB6C}.Debug|Any CPU.Build.0 = Debug|Any CPU
		{F35F0133-67FC-4CB4-B0A7-8097FF29DB6C}.Debug|Any CPU.Deploy.0 = Debug|Any CPU
		{F35F0133-67FC-4CB4-B0A7-8097FF29DB6C}.Release|Any CPU.ActiveCfg = Release|Any CPU
		{F35F0133-67FC-4CB4-B0A7-8097FF29DB6C}.Release|Any CPU.Build.0 = Release|Any CPU
		{F35F0133-67FC-4CB4-B0A7-8097FF29DB6C}.Release|Any CPU.Deploy.0 = Release|Any CPU
	EndGlobalSection
	GlobalSection(SolutionProperties) = preSolution
		HideSolutionNode = FALSE
	EndGlobalSection
	GlobalSection(ExtensibilityGlobals) = postSolution
		SolutionGuid = {886985CF-6694-49D3-ADC3-C07A64685D1B}
	EndGlobalSection
EndGlobal
